
Microsoft Visual Studio Solution File, Format Version 12.00
# Visual Studio Version 16
VisualStudioVersion = 16.0.30330.147
MinimumVisualStudioVersion = 10.0.40219.1
Project("{9A19103F-16F7-4668-BE54-9A1E7A4F7556}") = "BalanceManagerApi", "BalanceManagerApi\BalanceManagerApi.csproj", "{6436B328-5687-4EA7-B833-C81362E7E229}"
EndProject
Project("{9A19103F-16F7-4668-BE54-9A1E7A4F7556}") = "BalanceManager.UnitTests", "BalanceManager.UnitTests\BalanceManager.UnitTests.csproj", "{4E30E3B6-8013-49A2-B790-3BCFA16714AA}"
EndProject
Global
	GlobalSection(SolutionConfigurationPlatforms) = preSolution
		Debug|Any CPU = Debug|Any CPU
		Release|Any CPU = Release|Any CPU
	EndGlobalSection
	GlobalSection(ProjectConfigurationPlatforms) = postSolution
		{6436B328-5687-4EA7-B833-C81362E7E229}.Debug|Any CPU.ActiveCfg = Debug|Any CPU
		{6436B328-5687-4EA7-B833-C81362E7E229}.Debug|Any CPU.Build.0 = Debug|Any CPU
		{6436B328-5687-4EA7-B833-C81362E7E229}.Release|Any CPU.ActiveCfg = Release|Any CPU
		{6436B328-5687-4EA7-B833-C81362E7E229}.Release|Any CPU.Build.0 = Release|Any CPU
		{4E30E3B6-8013-49A2-B790-3BCFA16714AA}.Debug|Any CPU.ActiveCfg = Debug|Any CPU
		{4E30E3B6-8013-49A2-B790-3BCFA16714AA}.Debug|Any CPU.Build.0 = Debug|Any CPU
		{4E30E3B6-8013-49A2-B790-3BCFA16714AA}.Release|Any CPU.ActiveCfg = Release|Any CPU
		{4E30E3B6-8013-49A2-B790-3BCFA16714AA}.Release|Any CPU.Build.0 = Release|Any CPU
	EndGlobalSection
	GlobalSection(SolutionProperties) = preSolution
		HideSolutionNode = FALSE
	EndGlobalSection
	GlobalSection(ExtensibilityGlobals) = postSolution
		SolutionGuid = {6028D3AE-3D0D-43A9-8584-52D72B52A9DC}
	EndGlobalSection
EndGlobal
